
Microsoft Visual Studio Solution File, Format Version 12.00
# Visual Studio Version 17
VisualStudioVersion = 17.7.34221.43
MinimumVisualStudioVersion = 10.0.40219.1
Project("{9A19103F-16F7-4668-BE54-9A1E7A4F7556}") = "ActiveVisitors.API", "ActiveVisitors.API\ActiveVisitors.API.csproj", "{898CA1C0-1759-4677-B8BD-06C227AA538D}"
EndProject
Project("{9A19103F-16F7-4668-BE54-9A1E7A4F7556}") = "ActiveVisitors.Server", "ActiveVisitors.Server\ActiveVisitors.Server.csproj", "{ECF19618-5D8A-46D1-A39A-5CA3D1DF19C4}"
EndProject
Project("{9A19103F-16F7-4668-BE54-9A1E7A4F7556}") = "Common", "Common\Common.csproj", "{38FC08D0-9755-4C54-A17B-AF4E324D38A1}"
EndProject
Project("{9A19103F-16F7-4668-BE54-9A1E7A4F7556}") = "Sightings.Server", "Sightings.Server\Sightings.Server.csproj", "{2782390B-B0CD-46A2-948C-70036E552720}"
EndProject
Project("{FAE04EC0-301F-11D3-BF4B-00C04F79EFBC}") = "DBAccessLayer", "DBAccessLayer\DBAccessLayer.csproj", "{999712BB-0DD9-4FED-B370-EC903F1787F8}"
EndProject
Global
	GlobalSection(SolutionConfigurationPlatforms) = preSolution
		Debug|Any CPU = Debug|Any CPU
		Release|Any CPU = Release|Any CPU
	EndGlobalSection
	GlobalSection(ProjectConfigurationPlatforms) = postSolution
		{898CA1C0-1759-4677-B8BD-06C227AA538D}.Debug|Any CPU.ActiveCfg = Debug|Any CPU
		{898CA1C0-1759-4677-B8BD-06C227AA538D}.Debug|Any CPU.Build.0 = Debug|Any CPU
		{898CA1C0-1759-4677-B8BD-06C227AA538D}.Release|Any CPU.ActiveCfg = Release|Any CPU
		{898CA1C0-1759-4677-B8BD-06C227AA538D}.Release|Any CPU.Build.0 = Release|Any CPU
		{ECF19618-5D8A-46D1-A39A-5CA3D1DF19C4}.Debug|Any CPU.ActiveCfg = Debug|Any CPU
		{ECF19618-5D8A-46D1-A39A-5CA3D1DF19C4}.Debug|Any CPU.Build.0 = Debug|Any CPU
		{ECF19618-5D8A-46D1-A39A-5CA3D1DF19C4}.Release|Any CPU.ActiveCfg = Release|Any CPU
		{ECF19618-5D8A-46D1-A39A-5CA3D1DF19C4}.Release|Any CPU.Build.0 = Release|Any CPU
		{38FC08D0-9755-4C54-A17B-AF4E324D38A1}.Debug|Any CPU.ActiveCfg = Debug|Any CPU
		{38FC08D0-9755-4C54-A17B-AF4E324D38A1}.Debug|Any CPU.Build.0 = Debug|Any CPU
		{38FC08D0-9755-4C54-A17B-AF4E324D38A1}.Release|Any CPU.ActiveCfg = Release|Any CPU
		{38FC08D0-9755-4C54-A17B-AF4E324D38A1}.Release|Any CPU.Build.0 = Release|Any CPU
		{2782390B-B0CD-46A2-948C-70036E552720}.Debug|Any CPU.ActiveCfg = Debug|Any CPU
		{2782390B-B0CD-46A2-948C-70036E552720}.Debug|Any CPU.Build.0 = Debug|Any CPU
		{2782390B-B0CD-46A2-948C-70036E552720}.Release|Any CPU.ActiveCfg = Release|Any CPU
		{2782390B-B0CD-46A2-948C-70036E552720}.Release|Any CPU.Build.0 = Release|Any CPU
		{999712BB-0DD9-4FED-B370-EC903F1787F8}.Debug|Any CPU.ActiveCfg = Debug|Any CPU
		{999712BB-0DD9-4FED-B370-EC903F1787F8}.Debug|Any CPU.Build.0 = Debug|Any CPU
		{999712BB-0DD9-4FED-B370-EC903F1787F8}.Release|Any CPU.ActiveCfg = Release|Any CPU
		{999712BB-0DD9-4FED-B370-EC903F1787F8}.Release|Any CPU.Build.0 = Release|Any CPU
	EndGlobalSection
	GlobalSection(SolutionProperties) = preSolution
		HideSolutionNode = FALSE
	EndGlobalSection
	GlobalSection(ExtensibilityGlobals) = postSolution
		SolutionGuid = {D871F0BC-8793-4E6C-B12B-336F3F576150}
	EndGlobalSection
EndGlobal
